
Microsoft Visual Studio Solution File, Format Version 12.00
Project("{FAE04EC0-301F-11D3-BF4B-00C04F79EFBC}") = "Domain", "Domain\Domain.csproj", "{5F729EDD-E534-4E59-9853-384EDA053541}"
EndProject
Project("{FAE04EC0-301F-11D3-BF4B-00C04F79EFBC}") = "infrastructure", "infrastructure\infrastructure.csproj", "{DC76D654-E04E-404B-909A-0E798781BF67}"
EndProject
Project("{FAE04EC0-301F-11D3-BF4B-00C04F79EFBC}") = "Application", "Application\Application.csproj", "{5EC18A75-110B-4E64-9477-E51A7727A3E7}"
EndProject
Project("{FAE04EC0-301F-11D3-BF4B-00C04F79EFBC}") = "API", "API\API.csproj", "{6F1B97C2-8773-4E2A-A030-9E2EE62BA8DD}"
EndProject
Global
	GlobalSection(SolutionConfigurationPlatforms) = preSolution
		Debug|Any CPU = Debug|Any CPU
		Release|Any CPU = Release|Any CPU
	EndGlobalSection
	GlobalSection(ProjectConfigurationPlatforms) = postSolution
		{5F729EDD-E534-4E59-9853-384EDA053541}.Debug|Any CPU.ActiveCfg = Debug|Any CPU
		{5F729EDD-E534-4E59-9853-384EDA053541}.Debug|Any CPU.Build.0 = Debug|Any CPU
		{5F729EDD-E534-4E59-9853-384EDA053541}.Release|Any CPU.ActiveCfg = Release|Any CPU
		{5F729EDD-E534-4E59-9853-384EDA053541}.Release|Any CPU.Build.0 = Release|Any CPU
		{DC76D654-E04E-404B-909A-0E798781BF67}.Debug|Any CPU.ActiveCfg = Debug|Any CPU
		{DC76D654-E04E-404B-909A-0E798781BF67}.Debug|Any CPU.Build.0 = Debug|Any CPU
		{DC76D654-E04E-404B-909A-0E798781BF67}.Release|Any CPU.ActiveCfg = Release|Any CPU
		{DC76D654-E04E-404B-909A-0E798781BF67}.Release|Any CPU.Build.0 = Release|Any CPU
		{5EC18A75-110B-4E64-9477-E51A7727A3E7}.Debug|Any CPU.ActiveCfg = Debug|Any CPU
		{5EC18A75-110B-4E64-9477-E51A7727A3E7}.Debug|Any CPU.Build.0 = Debug|Any CPU
		{5EC18A75-110B-4E64-9477-E51A7727A3E7}.Release|Any CPU.ActiveCfg = Release|Any CPU
		{5EC18A75-110B-4E64-9477-E51A7727A3E7}.Release|Any CPU.Build.0 = Release|Any CPU
		{6F1B97C2-8773-4E2A-A030-9E2EE62BA8DD}.Debug|Any CPU.ActiveCfg = Debug|Any CPU
		{6F1B97C2-8773-4E2A-A030-9E2EE62BA8DD}.Debug|Any CPU.Build.0 = Debug|Any CPU
		{6F1B97C2-8773-4E2A-A030-9E2EE62BA8DD}.Release|Any CPU.ActiveCfg = Release|Any CPU
		{6F1B97C2-8773-4E2A-A030-9E2EE62BA8DD}.Release|Any CPU.Build.0 = Release|Any CPU
	EndGlobalSection
EndGlobal
